
Microsoft Visual Studio Solution File, Format Version 12.00
# Visual Studio 15
VisualStudioVersion = 15.0.28307.852
MinimumVisualStudioVersion = 10.0.40219.1
Project("{FAE04EC0-301F-11D3-BF4B-00C04F79EFBC}") = "ProxyClima", "ProxyClima\ProxyClima.csproj", "{E5628086-AF11-4F95-B718-F2F71AF8EC3E}"
EndProject
Global
	GlobalSection(SolutionConfigurationPlatforms) = preSolution
		Debug|Any CPU = Debug|Any CPU
		Release|Any CPU = Release|Any CPU
	EndGlobalSection
	GlobalSection(ProjectConfigurationPlatforms) = postSolution
		{E5628086-AF11-4F95-B718-F2F71AF8EC3E}.Debug|Any CPU.ActiveCfg = Debug|Any CPU
		{E5628086-AF11-4F95-B718-F2F71AF8EC3E}.Debug|Any CPU.Build.0 = Debug|Any CPU
		{E5628086-AF11-4F95-B718-F2F71AF8EC3E}.Release|Any CPU.ActiveCfg = Release|Any CPU
		{E5628086-AF11-4F95-B718-F2F71AF8EC3E}.Release|Any CPU.Build.0 = Release|Any CPU
	EndGlobalSection
	GlobalSection(SolutionProperties) = preSolution
		HideSolutionNode = FALSE
	EndGlobalSection
	GlobalSection(ExtensibilityGlobals) = postSolution
		SolutionGuid = {B9AD7C41-0381-422A-85C6-57344C3F1B2D}
	EndGlobalSection
EndGlobal
